
Microsoft Visual Studio Solution File, Format Version 12.00
# Visual Studio Version 17
VisualStudioVersion = 17.14.37012.4 d17.14
MinimumVisualStudioVersion = 10.0.40219.1
Project("{8BC9CEB8-8B4A-11D0-8D11-00A0C91BC942}") = "Chapter2", "Chapter2\Chapter2.vcxproj", "{6230A2BC-F8E4-413B-9EEA-85267D6BF335}"
EndProject
Project("{2150E333-8FDC-42A3-9474-1A3956D46DE8}") = "솔루션 항목", "솔루션 항목", "{2A3A057F-5D22-31FD-628C-DF5EF75AEF1E}"
	ProjectSection(SolutionItems) = preProject
		Common.h = Common.h
	EndProjectSection
EndProject
Project("{8BC9CEB8-8B4A-11D0-8D11-00A0C91BC942}") = "Chapter3", "Chapter3\Chapter3.vcxproj", "{E4C99D2B-F9FF-457B-BE6F-807A698E92A6}"
EndProject
Project("{8BC9CEB8-8B4A-11D0-8D11-00A0C91BC942}") = "Chapter4-Server", "Chapter4\Chapter4.vcxproj", "{CA561F4F-48FA-4001-BE5D-24E5B9CE8137}"
EndProject
Project("{8BC9CEB8-8B4A-11D0-8D11-00A0C91BC942}") = "Chapter4-TCPClient", "Chapter4-TCPClient\Chapter4-TCPClient.vcxproj", "{8351FCB5-3A13-44DB-BC0C-B7FFDF445F66}"
EndProject
Project("{8BC9CEB8-8B4A-11D0-8D11-00A0C91BC942}") = "Chapter6-ThreadTest1", "Chapter6-ThreadTest1\Chapter6-ThreadTest1.vcxproj", "{C93FB89F-F63C-4F05-BACE-C75B91774057}"
EndProject
Project("{8BC9CEB8-8B4A-11D0-8D11-00A0C91BC942}") = "Chapter6-ThreadTCPServer", "ThreadTCPServer\ThreadTCPServer.vcxproj", "{02D6F647-F516-4ABE-B66C-5FD6D7BDCC85}"
EndProject
Project("{8BC9CEB8-8B4A-11D0-8D11-00A0C91BC942}") = "Chapter8-UDPServer", "Chapter8-UDPServer\Chapter8-UDPServer.vcxproj", "{D0B55223-E7C1-48C4-B7F9-01E7E2CC0C99}"
EndProject
Project("{8BC9CEB8-8B4A-11D0-8D11-00A0C91BC942}") = "Chapter8-UDPClient", "Chapter8-UDPClient\Chapter8-UDPClient.vcxproj", "{E69FD471-04AA-4E7C-9694-C1B7CE23D0E7}"
EndProject
Global
	GlobalSection(SolutionConfigurationPlatforms) = preSolution
		Debug|x64 = Debug|x64
		Debug|x86 = Debug|x86
		Release|x64 = Release|x64
		Release|x86 = Release|x86
	EndGlobalSection
	GlobalSection(ProjectConfigurationPlatforms) = postSolution
		{6230A2BC-F8E4-413B-9EEA-85267D6BF335}.Debug|x64.ActiveCfg = Debug|x64
		{6230A2BC-F8E4-413B-9EEA-85267D6BF335}.Debug|x64.Build.0 = Debug|x64
		{6230A2BC-F8E4-413B-9EEA-85267D6BF335}.Debug|x86.ActiveCfg = Debug|Win32
		{6230A2BC-F8E4-413B-9EEA-85267D6BF335}.Debug|x86.Build.0 = Debug|Win32
		{6230A2BC-F8E4-413B-9EEA-85267D6BF335}.Release|x64.ActiveCfg = Release|x64
		{6230A2BC-F8E4-413B-9EEA-85267D6BF335}.Release|x64.Build.0 = Release|x64
		{6230A2BC-F8E4-413B-9EEA-85267D6BF335}.Release|x86.ActiveCfg = Release|Win32
		{6230A2BC-F8E4-413B-9EEA-85267D6BF335}.Release|x86.Build.0 = Release|Win32
		{E4C99D2B-F9FF-457B-BE6F-807A698E92A6}.Debug|x64.ActiveCfg = Debug|x64
		{E4C99D2B-F9FF-457B-BE6F-807A698E92A6}.Debug|x64.Build.0 = Debug|x64
		{E4C99D2B-F9FF-457B-BE6F-807A698E92A6}.Debug|x86.ActiveCfg = Debug|Win32
		{E4C99D2B-F9FF-457B-BE6F-807A698E92A6}.Debug|x86.Build.0 = Debug|Win32
		{E4C99D2B-F9FF-457B-BE6F-807A698E92A6}.Release|x64.ActiveCfg = Release|x64
		{E4C99D2B-F9FF-457B-BE6F-807A698E92A6}.Release|x64.Build.0 = Release|x64
		{E4C99D2B-F9FF-457B-BE6F-807A698E92A6}.Release|x86.ActiveCfg = Release|Win32
		{E4C99D2B-F9FF-457B-BE6F-807A698E92A6}.Release|x86.Build.0 = Release|Win32
		{CA561F4F-48FA-4001-BE5D-24E5B9CE8137}.Debug|x64.ActiveCfg = Debug|x64
		{CA561F4F-48FA-4001-BE5D-24E5B9CE8137}.Debug|x64.Build.0 = Debug|x64
		{CA561F4F-48FA-4001-BE5D-24E5B9CE8137}.Debug|x86.ActiveCfg = Debug|Win32
		{CA561F4F-48FA-4001-BE5D-24E5B9CE8137}.Debug|x86.Build.0 = Debug|Win32
		{CA561F4F-48FA-4001-BE5D-24E5B9CE8137}.Release|x64.ActiveCfg = Release|x64
		{CA561F4F-48FA-4001-BE5D-24E5B9CE8137}.Release|x64.Build.0 = Release|x64
		{CA561F4F-48FA-4001-BE5D-24E5B9CE8137}.Release|x86.ActiveCfg = Release|Win32
		{CA561F4F-48FA-4001-BE5D-24E5B9CE8137}.Release|x86.Build.0 = Release|Win32
		{8351FCB5-3A13-44DB-BC0C-B7FFDF445F66}.Debug|x64.ActiveCfg = Debug|x64
		{8351FCB5-3A13-44DB-BC0C-B7FFDF445F66}.Debug|x64.Build.0 = Debug|x64
		{8351FCB5-3A13-44DB-BC0C-B7FFDF445F66}.Debug|x86.ActiveCfg = Debug|Win32
		{8351FCB5-3A13-44DB-BC0C-B7FFDF445F66}.Debug|x86.Build.0 = Debug|Win32
		{8351FCB5-3A13-44DB-BC0C-B7FFDF445F66}.Release|x64.ActiveCfg = Release|x64
		{8351FCB5-3A13-44DB-BC0C-B7FFDF445F66}.Release|x64.Build.0 = Release|x64
		{8351FCB5-3A13-44DB-BC0C-B7FFDF445F66}.Release|x86.ActiveCfg = Release|Win32
		{8351FCB5-3A13-44DB-BC0C-B7FFDF445F66}.Release|x86.Build.0 = Release|Win32
		{C93FB89F-F63C-4F05-BACE-C75B91774057}.Debug|x64.ActiveCfg = Debug|x64
		{C93FB89F-F63C-4F05-BACE-C75B91774057}.Debug|x64.Build.0 = Debug|x64
		{C93FB89F-F63C-4F05-BACE-C75B91774057}.Debug|x86.ActiveCfg = Debug|Win32
		{C93FB89F-F63C-4F05-BACE-C75B91774057}.Debug|x86.Build.0 = Debug|Win32
		{C93FB89F-F63C-4F05-BACE-C75B91774057}.Release|x64.ActiveCfg = Release|x64
		{C93FB89F-F63C-4F05-BACE-C75B91774057}.Release|x64.Build.0 = Release|x64
		{C93FB89F-F63C-4F05-BACE-C75B91774057}.Release|x86.ActiveCfg = Release|Win32
		{C93FB89F-F63C-4F05-BACE-C75B91774057}.Release|x86.Build.0 = Release|Win32
		{02D6F647-F516-4ABE-B66C-5FD6D7BDCC85}.Debug|x64.ActiveCfg = Debug|x64
		{02D6F647-F516-4ABE-B66C-5FD6D7BDCC85}.Debug|x64.Build.0 = Debug|x64
		{02D6F647-F516-4ABE-B66C-5FD6D7BDCC85}.Debug|x86.ActiveCfg = Debug|Win32
		{02D6F647-F516-4ABE-B66C-5FD6D7BDCC85}.Debug|x86.Build.0 = Debug|Win32
		{02D6F647-F516-4ABE-B66C-5FD6D7BDCC85}.Release|x64.ActiveCfg = Release|x64
		{02D6F647-F516-4ABE-B66C-5FD6D7BDCC85}.Release|x64.Build.0 = Release|x64
		{02D6F647-F516-4ABE-B66C-5FD6D7BDCC85}.Release|x86.ActiveCfg = Release|Win32
		{02D6F647-F516-4ABE-B66C-5FD6D7BDCC85}.Release|x86.Build.0 = Release|Win32
		{D0B55223-E7C1-48C4-B7F9-01E7E2CC0C99}.Debug|x64.ActiveCfg = Debug|x64
		{D0B55223-E7C1-48C4-B7F9-01E7E2CC0C99}.Debug|x64.Build.0 = Debug|x64
		{D0B55223-E7C1-48C4-B7F9-01E7E2CC0C99}.Debug|x86.ActiveCfg = Debug|Win32
		{D0B55223-E7C1-48C4-B7F9-01E7E2CC0C99}.Debug|x86.Build.0 = Debug|Win32
		{D0B55223-E7C1-48C4-B7F9-01E7E2CC0C99}.Release|x64.ActiveCfg = Release|x64
		{D0B55223-E7C1-48C4-B7F9-01E7E2CC0C99}.Release|x64.Build.0 = Release|x64
		{D0B55223-E7C1-48C4-B7F9-01E7E2CC0C99}.Release|x86.ActiveCfg = Release|Win32
		{D0B55223-E7C1-48C4-B7F9-01E7E2CC0C99}.Release|x86.Build.0 = Release|Win32
		{E69FD471-04AA-4E7C-9694-C1B7CE23D0E7}.Debug|x64.ActiveCfg = Debug|x64
		{E69FD471-04AA-4E7C-9694-C1B7CE23D0E7}.Debug|x64.Build.0 = Debug|x64
		{E69FD471-04AA-4E7C-9694-C1B7CE23D0E7}.Debug|x86.ActiveCfg = Debug|Win32
		{E69FD471-04AA-4E7C-9694-C1B7CE23D0E7}.Debug|x86.Build.0 = Debug|Win32
		{E69FD471-04AA-4E7C-9694-C1B7CE23D0E7}.Release|x64.ActiveCfg = Release|x64
		{E69FD471-04AA-4E7C-9694-C1B7CE23D0E7}.Release|x64.Build.0 = Release|x64
		{E69FD471-04AA-4E7C-9694-C1B7CE23D0E7}.Release|x86.ActiveCfg = Release|Win32
		{E69FD471-04AA-4E7C-9694-C1B7CE23D0E7}.Release|x86.Build.0 = Release|Win32
	EndGlobalSection
	GlobalSection(SolutionProperties) = preSolution
		HideSolutionNode = FALSE
	EndGlobalSection
	GlobalSection(ExtensibilityGlobals) = postSolution
		SolutionGuid = {7BC65B10-2E32-4DE9-835F-738448691B23}
	EndGlobalSection
EndGlobal
